
Microsoft Visual Studio Solution File, Format Version 12.00
# Visual Studio Version 17
VisualStudioVersion = 17.2.32616.157
MinimumVisualStudioVersion = 10.0.40219.1
Project("{9A19103F-16F7-4668-BE54-9A1E7A4F7556}") = "View", "View\View.csproj", "{D6E1CF35-8B28-4F51-8B4D-1DA6CB04B004}"
EndProject
Project("{9A19103F-16F7-4668-BE54-9A1E7A4F7556}") = "Api", "Api\Api.csproj", "{3859C124-269A-46E3-B4A2-8168B2DFAF34}"
EndProject
Global
	GlobalSection(SolutionConfigurationPlatforms) = preSolution
		Debug|Any CPU = Debug|Any CPU
		Release|Any CPU = Release|Any CPU
	EndGlobalSection
	GlobalSection(ProjectConfigurationPlatforms) = postSolution
		{D6E1CF35-8B28-4F51-8B4D-1DA6CB04B004}.Debug|Any CPU.ActiveCfg = Debug|Any CPU
		{D6E1CF35-8B28-4F51-8B4D-1DA6CB04B004}.Debug|Any CPU.Build.0 = Debug|Any CPU
		{D6E1CF35-8B28-4F51-8B4D-1DA6CB04B004}.Release|Any CPU.ActiveCfg = Release|Any CPU
		{D6E1CF35-8B28-4F51-8B4D-1DA6CB04B004}.Release|Any CPU.Build.0 = Release|Any CPU
		{3859C124-269A-46E3-B4A2-8168B2DFAF34}.Debug|Any CPU.ActiveCfg = Debug|Any CPU
		{3859C124-269A-46E3-B4A2-8168B2DFAF34}.Debug|Any CPU.Build.0 = Debug|Any CPU
		{3859C124-269A-46E3-B4A2-8168B2DFAF34}.Release|Any CPU.ActiveCfg = Release|Any CPU
		{3859C124-269A-46E3-B4A2-8168B2DFAF34}.Release|Any CPU.Build.0 = Release|Any CPU
	EndGlobalSection
	GlobalSection(SolutionProperties) = preSolution
		HideSolutionNode = FALSE
	EndGlobalSection
	GlobalSection(ExtensibilityGlobals) = postSolution
		SolutionGuid = {A23B3949-107F-4B49-8FD4-5149079E291C}
	EndGlobalSection
EndGlobal
